
Microsoft Visual Studio Solution File, Format Version 12.00
# Visual Studio Version 16
VisualStudioVersion = 16.0.31702.278
MinimumVisualStudioVersion = 10.0.40219.1
Project("{FAE04EC0-301F-11D3-BF4B-00C04F79EFBC}") = "BumblebeeJr", "BumblebeeJr.csproj", "{61657D36-F905-489A-80DB-BB6D1F4B30BF}"
EndProject
Global
	GlobalSection(SolutionConfigurationPlatforms) = preSolution
		Debug|Any CPU = Debug|Any CPU
		Release|Any CPU = Release|Any CPU
	EndGlobalSection
	GlobalSection(ProjectConfigurationPlatforms) = postSolution
		{61657D36-F905-489A-80DB-BB6D1F4B30BF}.Debug|Any CPU.ActiveCfg = Debug|Any CPU
		{61657D36-F905-489A-80DB-BB6D1F4B30BF}.Debug|Any CPU.Build.0 = Debug|Any CPU
		{61657D36-F905-489A-80DB-BB6D1F4B30BF}.Release|Any CPU.ActiveCfg = Release|Any CPU
		{61657D36-F905-489A-80DB-BB6D1F4B30BF}.Release|Any CPU.Build.0 = Release|Any CPU
	EndGlobalSection
	GlobalSection(SolutionProperties) = preSolution
		HideSolutionNode = FALSE
	EndGlobalSection
	GlobalSection(ExtensibilityGlobals) = postSolution
		SolutionGuid = {FB280ADA-59EE-42FE-BE54-CEC10A6EED24}
	EndGlobalSection
EndGlobal
